
Microsoft Visual Studio Solution File, Format Version 12.00
# Visual Studio Version 16
VisualStudioVersion = 16.0.32428.217
MinimumVisualStudioVersion = 10.0.40219.1
Project("{9A19103F-16F7-4668-BE54-9A1E7A4F7556}") = "web_api_db", "web_api_db.csproj", "{5F941839-EEFF-4C6B-AD63-5DCDE0E3C2FA}"
EndProject
Global
	GlobalSection(SolutionConfigurationPlatforms) = preSolution
		Debug|Any CPU = Debug|Any CPU
		Release|Any CPU = Release|Any CPU
	EndGlobalSection
	GlobalSection(ProjectConfigurationPlatforms) = postSolution
		{5F941839-EEFF-4C6B-AD63-5DCDE0E3C2FA}.Debug|Any CPU.ActiveCfg = Debug|Any CPU
		{5F941839-EEFF-4C6B-AD63-5DCDE0E3C2FA}.Debug|Any CPU.Build.0 = Debug|Any CPU
		{5F941839-EEFF-4C6B-AD63-5DCDE0E3C2FA}.Release|Any CPU.ActiveCfg = Release|Any CPU
		{5F941839-EEFF-4C6B-AD63-5DCDE0E3C2FA}.Release|Any CPU.Build.0 = Release|Any CPU
	EndGlobalSection
	GlobalSection(SolutionProperties) = preSolution
		HideSolutionNode = FALSE
	EndGlobalSection
	GlobalSection(ExtensibilityGlobals) = postSolution
		SolutionGuid = {251D933F-72BF-43C1-9C37-407F9D65ACBF}
	EndGlobalSection
EndGlobal
